
Microsoft Visual Studio Solution File, Format Version 12.00
# Visual Studio Version 17
VisualStudioVersion = 17.6.33829.357
MinimumVisualStudioVersion = 10.0.40219.1
Project("{FAE04EC0-301F-11D3-BF4B-00C04F79EFBC}") = "bai5", "bai5.csproj", "{7AB2D27D-0A40-42DE-BE75-B2123A2FEA40}"
EndProject
Global
	GlobalSection(SolutionConfigurationPlatforms) = preSolution
		Debug|Any CPU = Debug|Any CPU
		Release|Any CPU = Release|Any CPU
	EndGlobalSection
	GlobalSection(ProjectConfigurationPlatforms) = postSolution
		{7AB2D27D-0A40-42DE-BE75-B2123A2FEA40}.Debug|Any CPU.ActiveCfg = Debug|Any CPU
		{7AB2D27D-0A40-42DE-BE75-B2123A2FEA40}.Debug|Any CPU.Build.0 = Debug|Any CPU
		{7AB2D27D-0A40-42DE-BE75-B2123A2FEA40}.Release|Any CPU.ActiveCfg = Release|Any CPU
		{7AB2D27D-0A40-42DE-BE75-B2123A2FEA40}.Release|Any CPU.Build.0 = Release|Any CPU
	EndGlobalSection
	GlobalSection(SolutionProperties) = preSolution
		HideSolutionNode = FALSE
	EndGlobalSection
	GlobalSection(ExtensibilityGlobals) = postSolution
		SolutionGuid = {0C67E26B-41C3-47D9-8BB1-F1EAE0D573E9}
	EndGlobalSection
EndGlobal
